
Microsoft Visual Studio Solution File, Format Version 12.00
# Visual Studio 14
VisualStudioVersion = 14.0.25420.1
MinimumVisualStudioVersion = 10.0.40219.1
Project("{F088123C-0E9E-452A-89E6-6BA2F21D5CAC}") = "UMLvillagreen", "UMLvillagreen\UMLvillagreen.modelproj", "{B232133E-36D7-4CF1-8563-6ECAFA056A9F}"
EndProject
Project("{FAE04EC0-301F-11D3-BF4B-00C04F79EFBC}") = "diagramme de classe Village Green", "ConsoleApplication2\diagramme de classe Village Green.csproj", "{6ADD10B7-3AE9-4054-8A27-832A667B5954}"
EndProject
Global
	GlobalSection(SolutionConfigurationPlatforms) = preSolution
		Debug|Any CPU = Debug|Any CPU
		Release|Any CPU = Release|Any CPU
	EndGlobalSection
	GlobalSection(ProjectConfigurationPlatforms) = postSolution
		{B232133E-36D7-4CF1-8563-6ECAFA056A9F}.Debug|Any CPU.ActiveCfg = Debug|Any CPU
		{B232133E-36D7-4CF1-8563-6ECAFA056A9F}.Debug|Any CPU.Build.0 = Debug|Any CPU
		{B232133E-36D7-4CF1-8563-6ECAFA056A9F}.Release|Any CPU.ActiveCfg = Release|Any CPU
		{B232133E-36D7-4CF1-8563-6ECAFA056A9F}.Release|Any CPU.Build.0 = Release|Any CPU
		{6ADD10B7-3AE9-4054-8A27-832A667B5954}.Debug|Any CPU.ActiveCfg = Debug|Any CPU
		{6ADD10B7-3AE9-4054-8A27-832A667B5954}.Debug|Any CPU.Build.0 = Debug|Any CPU
		{6ADD10B7-3AE9-4054-8A27-832A667B5954}.Release|Any CPU.ActiveCfg = Release|Any CPU
		{6ADD10B7-3AE9-4054-8A27-832A667B5954}.Release|Any CPU.Build.0 = Release|Any CPU
	EndGlobalSection
	GlobalSection(SolutionProperties) = preSolution
		HideSolutionNode = FALSE
	EndGlobalSection
EndGlobal
